{
  "nodes": {
    "flake-utils": {
      "inputs": {
        "systems": "systems"
      },
      "locked": {
        "lastModified": 1731533236,
        "narHash": "sha256-l0KFg5HjrsfsO/JpG+r7fRrqm12kzFHyUHqHCVpMMbI=",
        "owner": "numtide",
        "repo": "flake-utils",
        "rev": "11707dc2f618dd54ca8739b309ec4fc024de578b",
        "type": "github"
      },
      "original": {
        "owner": "numtide",
        "repo": "flake-utils",
        "type": "github"
      }
    },
    "moon-registry": {
      "flake": false,
      "locked": {
        "lastModified": 1774880884,
        "narHash": "sha256-D5T/nwhMWBRVCUrdPuEDDdcXLAIN9k90LA+BzHcfXdQ=",
        "ref": "refs/heads/main",
        "rev": "b409115947208c76434fd7f750b3860f0fc6de6d",
        "revCount": 7609,
        "type": "git",
        "url": "https://mooncakes.io/git/index"
      },
      "original": {
        "type": "git",
        "url": "https://mooncakes.io/git/index"
      }
    },
    "moonbit-overlay": {
      "inputs": {
        "nixpkgs": "nixpkgs",
        "treefmt-nix": "treefmt-nix"
      },
      "locked": {
        "lastModified": 1774725309,
        "narHash": "sha256-6A+KPyYuubWS2CW8+0LN1/IMREZR1JA4CKIiwBze1ss=",
        "owner": "ryoppippi",
        "repo": "moonbit-overlay",
        "rev": "4ffc0aab45588a519342178cca9231be94c9bab0",
        "type": "github"
      },
      "original": {
        "owner": "ryoppippi",
        "ref": "fix/moonplatform-bugs",
        "repo": "moonbit-overlay",
        "type": "github"
      }
    },
    "nixpkgs": {
      "locked": {
        "lastModified": 1742272065,
        "narHash": "sha256-ud8vcSzJsZ/CK+r8/v0lyf4yUntVmDq6Z0A41ODfWbE=",
        "owner": "NixOS",
        "repo": "nixpkgs",
        "rev": "3549532663732bfd89993204d40543e9edaec4f2",
        "type": "github"
      },
      "original": {
        "owner": "NixOS",
        "ref": "nixpkgs-unstable",
        "repo": "nixpkgs",
        "type": "github"
      }
    },
    "nixpkgs_2": {
      "locked": {
        "lastModified": 1774701658,
        "narHash": "sha256-CIS/4AMUSwUyC8X5g+5JsMRvIUL3YUfewe8K4VrbsSQ=",
        "owner": "nixos",
        "repo": "nixpkgs",
        "rev": "b63fe7f000adcfa269967eeff72c64cafecbbebe",
        "type": "github"
      },
      "original": {
        "owner": "nixos",
        "ref": "nixpkgs-unstable",
        "repo": "nixpkgs",
        "type": "github"
      }
    },
    "nur-packages": {
      "inputs": {
        "nixpkgs": [
          "nixpkgs"
        ],
        "treefmt-nix": "treefmt-nix_2"
      },
      "locked": {
        "lastModified": 1774840991,
        "narHash": "sha256-A05OYMwjaosM8VDU5Zi5xnTjm1DCvoWQtrUirX/Ove0=",
        "owner": "Omochice",
        "repo": "nur-packages",
        "rev": "d7a7f31b9495163ff64a25c4f43ae2ad13964895",
        "type": "github"
      },
      "original": {
        "owner": "Omochice",
        "repo": "nur-packages",
        "type": "github"
      }
    },
    "root": {
      "inputs": {
        "flake-utils": "flake-utils",
        "moon-registry": "moon-registry",
        "moonbit-overlay": "moonbit-overlay",
        "nixpkgs": "nixpkgs_2",
        "nur-packages": "nur-packages",
        "treefmt-nix": "treefmt-nix_3"
      }
    },
    "systems": {
      "locked": {
        "lastModified": 1681028828,
        "narHash": "sha256-Vy1rq5AaRuLzOxct8nz4T6wlgyUR7zLU309k9mBC768=",
        "owner": "nix-systems",
        "repo": "default",
        "rev": "da67096a3b9bf56a91d16901293e51ba5b49a27e",
        "type": "github"
      },
      "original": {
        "owner": "nix-systems",
        "repo": "default",
        "type": "github"
      }
    },
    "treefmt-nix": {
      "inputs": {
        "nixpkgs": [
          "moonbit-overlay",
          "nixpkgs"
        ]
      },
      "locked": {
        "lastModified": 1742370146,
        "narHash": "sha256-XRE8hL4vKIQyVMDXykFh4ceo3KSpuJF3ts8GKwh5bIU=",
        "owner": "numtide",
        "repo": "treefmt-nix",
        "rev": "adc195eef5da3606891cedf80c0d9ce2d3190808",
        "type": "github"
      },
      "original": {
        "owner": "numtide",
        "repo": "treefmt-nix",
        "type": "github"
      }
    },
    "treefmt-nix_2": {
      "inputs": {
        "nixpkgs": [
          "nur-packages",
          "nixpkgs"
        ]
      },
      "locked": {
        "lastModified": 1773297127,
        "narHash": "sha256-6E/yhXP7Oy/NbXtf1ktzmU8SdVqJQ09HC/48ebEGBpk=",
        "owner": "numtide",
        "repo": "treefmt-nix",
        "rev": "71b125cd05fbfd78cab3e070b73544abe24c5016",
        "type": "github"
      },
      "original": {
        "owner": "numtide",
        "repo": "treefmt-nix",
        "type": "github"
      }
    },
    "treefmt-nix_3": {
      "inputs": {
        "nixpkgs": [
          "nixpkgs"
        ]
      },
      "locked": {
        "lastModified": 1773297127,
        "narHash": "sha256-6E/yhXP7Oy/NbXtf1ktzmU8SdVqJQ09HC/48ebEGBpk=",
        "owner": "numtide",
        "repo": "treefmt-nix",
        "rev": "71b125cd05fbfd78cab3e070b73544abe24c5016",
        "type": "github"
      },
      "original": {
        "owner": "numtide",
        "repo": "treefmt-nix",
        "type": "github"
      }
    }
  },
  "root": "root",
  "version": 7
}
